<?xml version="1.0" encoding="utf-8"?>
<Project ToolsVersion="4.0" xmlns="http://schemas.microsoft.com/developer/msbuild/2003">
  <ItemGroup>
    <Filter Include="源文件">
      <UniqueIdentifier>{d500aeb7-45ec-4a76-9fb9-defc76c14a01}</UniqueIdentifier>
    </Filter>
    <Filter Include="生成的文件">
      <UniqueIdentifier>{d67fcab8-e1c3-4dc4-b491-5d7b7cb6fb70}</UniqueIdentifier>
      <SourceControlFiles>False</SourceControlFiles>
    </Filter>
  </ItemGroup>
  <ItemGroup>
    <None Include="ShellIconUseps.def" />
  </ItemGroup>
  <ItemGroup>
    <ClCompile Include="ShellIconUse_i.c">
      <Filter>生成的文件</Filter>
    </ClCompile>
    <ClCompile Include="ShellIconUse_p.c">
      <Filter>生成的文件</Filter>
    </ClCompile>
    <ClCompile Include="dlldata.c">
      <Filter>生成的文件</Filter>
    </ClCompile>
  </ItemGroup>
</Project>